
Microsoft Visual Studio Solution File, Format Version 12.00
# Visual Studio Version 17
VisualStudioVersion = 17.0.31903.59
MinimumVisualStudioVersion = 10.0.40219.1
Project("{888888A0-9F3D-457C-B088-3A5042F75D52}") = "ultracdn", "ultracdn.pyproj", "{703431F8-03F1-410C-8C49-D44906D21297}"
EndProject
Global
	GlobalSection(SolutionConfigurationPlatforms) = preSolution
		Debug|Any CPU = Debug|Any CPU
		Release|Any CPU = Release|Any CPU
	EndGlobalSection
	GlobalSection(ProjectConfigurationPlatforms) = postSolution
		{703431F8-03F1-410C-8C49-D44906D21297}.Debug|Any CPU.ActiveCfg = Debug|Any CPU
		{703431F8-03F1-410C-8C49-D44906D21297}.Release|Any CPU.ActiveCfg = Release|Any CPU
	EndGlobalSection
	GlobalSection(SolutionProperties) = preSolution
		HideSolutionNode = FALSE
	EndGlobalSection
	GlobalSection(ExtensibilityGlobals) = postSolution
		SolutionGuid = {C1396097-63C8-4FA7-BFE9-B5347D51C810}
	EndGlobalSection
EndGlobal
